
Microsoft Visual Studio Solution File, Format Version 12.00
# Visual Studio Version 17
VisualStudioVersion = 17.0.32112.339
MinimumVisualStudioVersion = 10.0.40219.1
Project("{9A19103F-16F7-4668-BE54-9A1E7A4F7556}") = "LoginSystem", "LoginSystem\LoginSystem.csproj", "{3182D77E-33D4-4B42-AA23-EFB643440EEB}"
EndProject
Project("{FAE04EC0-301F-11D3-BF4B-00C04F79EFBC}") = "JsonTesting", "JsonTesting\JsonTesting.csproj", "{3C42D28C-B921-48E3-B17B-3DD31F5425C9}"
EndProject
Global
	GlobalSection(SolutionConfigurationPlatforms) = preSolution
		Debug|Any CPU = Debug|Any CPU
		Release|Any CPU = Release|Any CPU
	EndGlobalSection
	GlobalSection(ProjectConfigurationPlatforms) = postSolution
		{3182D77E-33D4-4B42-AA23-EFB643440EEB}.Debug|Any CPU.ActiveCfg = Debug|Any CPU
		{3182D77E-33D4-4B42-AA23-EFB643440EEB}.Debug|Any CPU.Build.0 = Debug|Any CPU
		{3182D77E-33D4-4B42-AA23-EFB643440EEB}.Release|Any CPU.ActiveCfg = Release|Any CPU
		{3182D77E-33D4-4B42-AA23-EFB643440EEB}.Release|Any CPU.Build.0 = Release|Any CPU
		{3C42D28C-B921-48E3-B17B-3DD31F5425C9}.Debug|Any CPU.ActiveCfg = Debug|Any CPU
		{3C42D28C-B921-48E3-B17B-3DD31F5425C9}.Debug|Any CPU.Build.0 = Debug|Any CPU
		{3C42D28C-B921-48E3-B17B-3DD31F5425C9}.Release|Any CPU.ActiveCfg = Release|Any CPU
		{3C42D28C-B921-48E3-B17B-3DD31F5425C9}.Release|Any CPU.Build.0 = Release|Any CPU
	EndGlobalSection
	GlobalSection(SolutionProperties) = preSolution
		HideSolutionNode = FALSE
	EndGlobalSection
	GlobalSection(ExtensibilityGlobals) = postSolution
		SolutionGuid = {3021E669-66A9-4525-9A2B-3F3FE4B96D41}
	EndGlobalSection
EndGlobal
